
Microsoft Visual Studio Solution File, Format Version 12.00
# Visual Studio Version 17
VisualStudioVersion = 17.9.34714.143
MinimumVisualStudioVersion = 10.0.40219.1
Project("{2150E333-8FDC-42A3-9474-1A3956D46DE8}") = "src", "src", "{C7249BDA-737A-416C-9D31-A8D5D87C42D0}"
EndProject
Project("{2150E333-8FDC-42A3-9474-1A3956D46DE8}") = "Domain", "Domain", "{99173137-C29E-4FF2-A126-99CF9DE4D41C}"
EndProject
Project("{2150E333-8FDC-42A3-9474-1A3956D46DE8}") = "Data", "Data", "{21D611D7-42EF-44ED-A32F-285F37B3F9E1}"
EndProject
Project("{2150E333-8FDC-42A3-9474-1A3956D46DE8}") = "Service", "Service", "{5D0FA6FA-E328-4C0E-A3C1-375E6C7BF2DA}"
EndProject
Project("{2150E333-8FDC-42A3-9474-1A3956D46DE8}") = "Presentation", "Presentation", "{2A503534-773D-4050-840A-0B5AF0F2DCFB}"
EndProject
Project("{FAE04EC0-301F-11D3-BF4B-00C04F79EFBC}") = "PureSOLWorkCase.Domain", "src\Domain\PureSOLWorkCase.Domain\PureSOLWorkCase.Domain.csproj", "{FA660037-4A79-40E5-A245-DD7F1DD0342E}"
EndProject
Project("{FAE04EC0-301F-11D3-BF4B-00C04F79EFBC}") = "PureSOLWorkCase.Data", "src\Data\PureSOLWorkCase.Data\PureSOLWorkCase.Data.csproj", "{5B79DFD0-4D01-40EB-9B51-A4536191C6EE}"
EndProject
Project("{FAE04EC0-301F-11D3-BF4B-00C04F79EFBC}") = "PureSOLWorkCase.Service", "src\Service\PureSOLWorkCase.Service\PureSOLWorkCase.Service.csproj", "{C19D6E60-4969-4341-9DF7-D9F705CF4ACF}"
EndProject
Project("{FAE04EC0-301F-11D3-BF4B-00C04F79EFBC}") = "PureSOLWorkCase.WebAPI", "src\Presentation\PureSOLWorkCase.WebAPI\PureSOLWorkCase.WebAPI.csproj", "{ACBC8278-9EB8-4A2E-B080-24286A149BC4}"
EndProject
Project("{FAE04EC0-301F-11D3-BF4B-00C04F79EFBC}") = "PureSOLWorkCase.OcelotAPI", "src\Service\PureSOLWorkCase.OcelotAPI\PureSOLWorkCase.OcelotAPI.csproj", "{339E801A-7B94-4874-A629-040C50C870C5}"
EndProject
Global
	GlobalSection(SolutionConfigurationPlatforms) = preSolution
		Debug|Any CPU = Debug|Any CPU
		Release|Any CPU = Release|Any CPU
	EndGlobalSection
	GlobalSection(ProjectConfigurationPlatforms) = postSolution
		{FA660037-4A79-40E5-A245-DD7F1DD0342E}.Debug|Any CPU.ActiveCfg = Debug|Any CPU
		{FA660037-4A79-40E5-A245-DD7F1DD0342E}.Debug|Any CPU.Build.0 = Debug|Any CPU
		{FA660037-4A79-40E5-A245-DD7F1DD0342E}.Release|Any CPU.ActiveCfg = Release|Any CPU
		{FA660037-4A79-40E5-A245-DD7F1DD0342E}.Release|Any CPU.Build.0 = Release|Any CPU
		{5B79DFD0-4D01-40EB-9B51-A4536191C6EE}.Debug|Any CPU.ActiveCfg = Debug|Any CPU
		{5B79DFD0-4D01-40EB-9B51-A4536191C6EE}.Debug|Any CPU.Build.0 = Debug|Any CPU
		{5B79DFD0-4D01-40EB-9B51-A4536191C6EE}.Release|Any CPU.ActiveCfg = Release|Any CPU
		{5B79DFD0-4D01-40EB-9B51-A4536191C6EE}.Release|Any CPU.Build.0 = Release|Any CPU
		{C19D6E60-4969-4341-9DF7-D9F705CF4ACF}.Debug|Any CPU.ActiveCfg = Debug|Any CPU
		{C19D6E60-4969-4341-9DF7-D9F705CF4ACF}.Debug|Any CPU.Build.0 = Debug|Any CPU
		{C19D6E60-4969-4341-9DF7-D9F705CF4ACF}.Release|Any CPU.ActiveCfg = Release|Any CPU
		{C19D6E60-4969-4341-9DF7-D9F705CF4ACF}.Release|Any CPU.Build.0 = Release|Any CPU
		{ACBC8278-9EB8-4A2E-B080-24286A149BC4}.Debug|Any CPU.ActiveCfg = Debug|Any CPU
		{ACBC8278-9EB8-4A2E-B080-24286A149BC4}.Debug|Any CPU.Build.0 = Debug|Any CPU
		{ACBC8278-9EB8-4A2E-B080-24286A149BC4}.Release|Any CPU.ActiveCfg = Release|Any CPU
		{ACBC8278-9EB8-4A2E-B080-24286A149BC4}.Release|Any CPU.Build.0 = Release|Any CPU
		{339E801A-7B94-4874-A629-040C50C870C5}.Debug|Any CPU.ActiveCfg = Debug|Any CPU
		{339E801A-7B94-4874-A629-040C50C870C5}.Debug|Any CPU.Build.0 = Debug|Any CPU
		{339E801A-7B94-4874-A629-040C50C870C5}.Release|Any CPU.ActiveCfg = Release|Any CPU
		{339E801A-7B94-4874-A629-040C50C870C5}.Release|Any CPU.Build.0 = Release|Any CPU
	EndGlobalSection
	GlobalSection(SolutionProperties) = preSolution
		HideSolutionNode = FALSE
	EndGlobalSection
	GlobalSection(NestedProjects) = preSolution
		{99173137-C29E-4FF2-A126-99CF9DE4D41C} = {C7249BDA-737A-416C-9D31-A8D5D87C42D0}
		{21D611D7-42EF-44ED-A32F-285F37B3F9E1} = {C7249BDA-737A-416C-9D31-A8D5D87C42D0}
		{5D0FA6FA-E328-4C0E-A3C1-375E6C7BF2DA} = {C7249BDA-737A-416C-9D31-A8D5D87C42D0}
		{2A503534-773D-4050-840A-0B5AF0F2DCFB} = {C7249BDA-737A-416C-9D31-A8D5D87C42D0}
		{FA660037-4A79-40E5-A245-DD7F1DD0342E} = {99173137-C29E-4FF2-A126-99CF9DE4D41C}
		{5B79DFD0-4D01-40EB-9B51-A4536191C6EE} = {21D611D7-42EF-44ED-A32F-285F37B3F9E1}
		{C19D6E60-4969-4341-9DF7-D9F705CF4ACF} = {5D0FA6FA-E328-4C0E-A3C1-375E6C7BF2DA}
		{ACBC8278-9EB8-4A2E-B080-24286A149BC4} = {2A503534-773D-4050-840A-0B5AF0F2DCFB}
		{339E801A-7B94-4874-A629-040C50C870C5} = {5D0FA6FA-E328-4C0E-A3C1-375E6C7BF2DA}
	EndGlobalSection
	GlobalSection(ExtensibilityGlobals) = postSolution
		SolutionGuid = {C78D6F43-C347-4217-B9B4-635E4CFB05BF}
	EndGlobalSection
EndGlobal
